
Microsoft Visual Studio Solution File, Format Version 12.00
# Visual Studio 15
VisualStudioVersion = 15.0.28010.2050
MinimumVisualStudioVersion = 10.0.40219.1
Project("{FAE04EC0-301F-11D3-BF4B-00C04F79EFBC}") = "TestWork", "TestWork\TestWork.csproj", "{8F5145CB-EEEF-4604-99E3-E3CB37B3511C}"
EndProject
Project("{FAE04EC0-301F-11D3-BF4B-00C04F79EFBC}") = "HNP.FileSystem", "HNP.FileSystem\HNP.FileSystem.csproj", "{15DF80FD-A6A8-4BFB-A110-C76C824ED62B}"
EndProject
Project("{FAE04EC0-301F-11D3-BF4B-00C04F79EFBC}") = "FilterPaths", "FilterPaths\FilterPaths.csproj", "{9FDB1331-C0ED-491F-A8F7-CC583B423413}"
EndProject
Global
	GlobalSection(SolutionConfigurationPlatforms) = preSolution
		Debug|Any CPU = Debug|Any CPU
		Release|Any CPU = Release|Any CPU
	EndGlobalSection
	GlobalSection(ProjectConfigurationPlatforms) = postSolution
		{8F5145CB-EEEF-4604-99E3-E3CB37B3511C}.Debug|Any CPU.ActiveCfg = Debug|Any CPU
		{8F5145CB-EEEF-4604-99E3-E3CB37B3511C}.Debug|Any CPU.Build.0 = Debug|Any CPU
		{8F5145CB-EEEF-4604-99E3-E3CB37B3511C}.Release|Any CPU.ActiveCfg = Release|Any CPU
		{8F5145CB-EEEF-4604-99E3-E3CB37B3511C}.Release|Any CPU.Build.0 = Release|Any CPU
		{15DF80FD-A6A8-4BFB-A110-C76C824ED62B}.Debug|Any CPU.ActiveCfg = Debug|Any CPU
		{15DF80FD-A6A8-4BFB-A110-C76C824ED62B}.Debug|Any CPU.Build.0 = Debug|Any CPU
		{15DF80FD-A6A8-4BFB-A110-C76C824ED62B}.Release|Any CPU.ActiveCfg = Release|Any CPU
		{15DF80FD-A6A8-4BFB-A110-C76C824ED62B}.Release|Any CPU.Build.0 = Release|Any CPU
		{9FDB1331-C0ED-491F-A8F7-CC583B423413}.Debug|Any CPU.ActiveCfg = Debug|Any CPU
		{9FDB1331-C0ED-491F-A8F7-CC583B423413}.Debug|Any CPU.Build.0 = Debug|Any CPU
		{9FDB1331-C0ED-491F-A8F7-CC583B423413}.Release|Any CPU.ActiveCfg = Release|Any CPU
		{9FDB1331-C0ED-491F-A8F7-CC583B423413}.Release|Any CPU.Build.0 = Release|Any CPU
	EndGlobalSection
	GlobalSection(SolutionProperties) = preSolution
		HideSolutionNode = FALSE
	EndGlobalSection
	GlobalSection(ExtensibilityGlobals) = postSolution
		SolutionGuid = {2AA8FE0D-8F0F-41C0-BA23-CF2BD62249A2}
	EndGlobalSection
EndGlobal
